github.com/codefly-dev/core v0.0.1 h1:5jDUKDL90o3Sm1CRwkExmu8jRFQWwjYd/fr3W5xlWug=
github.com/codefly-dev/core v0.0.1/go.mod h1:rF2cwWzL17c3qJy56hk5BNL3RoD5yGVfOFTv6TTPKPg=
github.com/codefly-dev/core v0.0.16 h1:lvwSXzG1JQVgyXR+ocPybJpJ6xGoRa7YBbTxo3OeiLQ=
github.com/codefly-dev/core v0.0.16/go.mod h1:92/teE7+8+ygagcoDqw9OdXRtfmtZWMwbhBdatAC80M=
github.com/codefly-dev/core v0.0.65 h1:pDbpS9RKZmfU4kDpTJxcX5XNq/GWyx5SykGxtUQSo/c=
github.com/codefly-dev/core v0.0.65/go.mod h1:nZt0T9QJOyLEreTZhG1lHK8oPh/K1ZVaKD9fG2Ppa+o=
github.com/codefly-dev/core v0.0.68 h1:cHJ644wFE9dx8lVBo4VMxbZiiy4MoVXio8LHhmga63U=
github.com/codefly-dev/core v0.0.68/go.mod h1:nZt0T9QJOyLEreTZhG1lHK8oPh/K1ZVaKD9fG2Ppa+o=
github.com/codefly-dev/core v0.0.70 h1:hpExuePJgTiY1SaTbkcktJTcsg7d2X3laJLpzZ7H/xw=
github.com/codefly-dev/core v0.0.70/go.mod h1:nZt0T9QJOyLEreTZhG1lHK8oPh/K1ZVaKD9fG2Ppa+o=
github.com/codefly-dev/core v0.0.91 h1:25OeloSOSw5BWd11VB1MR+laCyaz2UQTIOIQ9EwtxjY=
github.com/codefly-dev/core v0.0.91/go.mod h1:nZt0T9QJOyLEreTZhG1lHK8oPh/K1ZVaKD9fG2Ppa+o=
github.com/codefly-dev/golor v0.0.10 h1:eqNxY3aSVbXDWo+3S9fcRynCEStPNo033owzwvzziOQ=
github.com/codefly-dev/golor v0.0.10/go.mod h1:TzMkdNwKUDO9PKz9f2LzMPOMHYGFXQEluOj8wEP2q1g=
github.com/davecgh/go-spew v1.1.1 h1:vj9j/u1bqnvCEfJOwUhtlOARqs3+rkHYY13jYWTU97c=
github.com/davecgh/go-spew v1.1.1/go.mod h1:J7Y8YcW2NihsgmVo/mv3lAwl/skON4iLHjSsI+c5H38=
github.com/davecgh/go-spew v1.1.2-0.20180830191138-d8f796af33cc/go.mod h1:J7Y8YcW2NihsgmVo/mv3lAwl/skON4iLHjSsI+c5H38=
github.com/fatih/color v1.15.0 h1:kOqh6YHBtK8aywxGerMG2Eq3H6Qgoqeo13Bk2Mv/nBs=
github.com/fatih/color v1.15.0/go.mod h1:0h5ZqXfHYED7Bhv2ZJamyIOUej9KtShiJESRwBDUSsw=
github.com/fatih/color v1.16.0 h1:zmkK9Ngbjj+K0yRhTVONQh1p/HknKYSlNT+vZCzyokM=
github.com/fatih/color v1.16.0/go.mod h1:fL2Sau1YI5c0pdGEVCbKQbLXB6edEj1ZgiY4NijnWvE=
github.com/mattn/go-colorable v0.1.13 h1:fFA4WZxdEF4tXPZVKMLwD8oUnCTTo08duU7wxecdEvA=
github.com/mattn/go-colorable v0.1.13/go.mod h1:7S9/ev0klgBDR4GtXTXX8a3vIGJpMovkB8vQcUbaXHg=
github.com/mattn/go-isatty v0.0.16/go.mod h1:kYGgaQfpe5nmfYZH+SKPsOc2e4SrIfOl2e/yFXSvRLM=
github.com/mattn/go-isatty v0.0.20 h1:xfD0iDuEKnDkl03q4limB+vH+GxLEtL/jb4xVJSWWEY=
github.com/mattn/go-isatty v0.0.20/go.mod h1:W+V8PltTTMOvKvAeJH7IuucS94S2C6jfK/D7dTCTo3Y=
github.com/mitchellh/mapstructure v1.5.0 h1:jeMsZIYE/09sWLaz43PL7Gy6RuMjD2eJVyuac5Z2hdY=
github.com/mitchellh/mapstructure v1.5.0/go.mod h1:bFUtVrKA4DC2yAKiSyO/QUcy7e+RRV2QTWOzhPopBRo=
github.com/pkg/errors v0.9.1 h1:FEBLx1zS214owpjy7qsBeixbURkuhQAwrK5UwLGTwt4=
github.com/pkg/errors v0.9.1/go.mod h1:bwawxfHBFNV+L2hUp1rHADufV3IMtnDRdf1r5NINEl0=
github.com/pmezard/go-difflib v1.0.0 h1:4DBwDE0NGyQoBHbLQYPwSUPoCMWR5BEzIk/f1lZbAQM=
github.com/pmezard/go-difflib v1.0.0/go.mod h1:iKH77koFhYxTK1pcRnkKkqfTogsbg7gZNVY4sRDYZ/4=
github.com/pmezard/go-difflib v1.0.1-0.20181226105442-5d4384ee4fb2/go.mod h1:iKH77koFhYxTK1pcRnkKkqfTogsbg7gZNVY4sRDYZ/4=
github.com/stretchr/testify v1.8.4 h1:CcVxjf3Q8PM0mHUKJCdn+eZZtm5yQwehR5yeSVQQcUk=
github.com/stretchr/testify v1.8.4/go.mod h1:sz/lmYIOXD/1dqDmKjjqLyZ2RngseejIcXlSw2iwfAo=
golang.org/x/sys v0.0.0-20220811171246-fbc7d0a398ab/go.mod h1:oPkhp1MJrh7nUepCBck5+mAzfO9JrbApNNgaTdGDITg=
golang.org/x/sys v0.6.0/go.mod h1:oPkhp1MJrh7nUepCBck5+mAzfO9JrbApNNgaTdGDITg=
golang.org/x/sys v0.13.0 h1:Af8nKPmuFypiUBjVoU9V20FiaFXOcuZI21p0ycVYYGE=
golang.org/x/sys v0.13.0/go.mod h1:oPkhp1MJrh7nUepCBck5+mAzfO9JrbApNNgaTdGDITg=
golang.org/x/sys v0.14.0 h1:Vz7Qs629MkJkGyHxUlRHizWJRG2j8fbQKjELVSNhy7Q=
golang.org/x/sys v0.14.0/go.mod h1:/VUhepiaJMQUp4+oa/7Zr1D23ma6VTLIYjOOTFZPUcA=
golang.org/x/sys v0.15.0/go.mod h1:/VUhepiaJMQUp4+oa/7Zr1D23ma6VTLIYjOOTFZPUcA=
gopkg.in/check.v1 v0.0.0-20161208181325-20d25e280405/go.mod h1:Co6ibVJAznAaIkqp8huTwlJQCZ016jof/cbN4VW5Yz0=
gopkg.in/yaml.v3 v3.0.1 h1:fxVm/GzAzEWqLHuvctI91KS9hhNmmWOoWu0XTYJS7CA=
gopkg.in/yaml.v3 v3.0.1/go.mod h1:K4uyk7z7BCEPqu6E+C64Yfv1cQ7kz7rIZviUmN+EgEM=
